
Microsoft Visual Studio Solution File, Format Version 12.00
# Visual Studio Version 16
VisualStudioVersion = 16.0.31727.386
MinimumVisualStudioVersion = 10.0.40219.1
Project("{FAE04EC0-301F-11D3-BF4B-00C04F79EFBC}") = "Robots", "Robots\Robots.csproj", "{A7DB0248-9555-445E-BA54-FBAC07AD178D}"
EndProject
Project("{FAE04EC0-301F-11D3-BF4B-00C04F79EFBC}") = "Robots.UnitTests", "Robots.UnitTests\Robots.UnitTests.csproj", "{ECFCA21E-3E8A-451A-9580-F9D1DC277660}"
EndProject
Global
	GlobalSection(SolutionConfigurationPlatforms) = preSolution
		Debug|Any CPU = Debug|Any CPU
		Release|Any CPU = Release|Any CPU
	EndGlobalSection
	GlobalSection(ProjectConfigurationPlatforms) = postSolution
		{A7DB0248-9555-445E-BA54-FBAC07AD178D}.Debug|Any CPU.ActiveCfg = Debug|Any CPU
		{A7DB0248-9555-445E-BA54-FBAC07AD178D}.Debug|Any CPU.Build.0 = Debug|Any CPU
		{A7DB0248-9555-445E-BA54-FBAC07AD178D}.Release|Any CPU.ActiveCfg = Release|Any CPU
		{A7DB0248-9555-445E-BA54-FBAC07AD178D}.Release|Any CPU.Build.0 = Release|Any CPU
		{ECFCA21E-3E8A-451A-9580-F9D1DC277660}.Debug|Any CPU.ActiveCfg = Debug|Any CPU
		{ECFCA21E-3E8A-451A-9580-F9D1DC277660}.Debug|Any CPU.Build.0 = Debug|Any CPU
		{ECFCA21E-3E8A-451A-9580-F9D1DC277660}.Release|Any CPU.ActiveCfg = Release|Any CPU
		{ECFCA21E-3E8A-451A-9580-F9D1DC277660}.Release|Any CPU.Build.0 = Release|Any CPU
	EndGlobalSection
	GlobalSection(SolutionProperties) = preSolution
		HideSolutionNode = FALSE
	EndGlobalSection
	GlobalSection(ExtensibilityGlobals) = postSolution
		SolutionGuid = {3D78673C-3952-4591-B275-0C57B0800D79}
	EndGlobalSection
EndGlobal
